
Microsoft Visual Studio Solution File, Format Version 12.00
# Visual Studio Version 17
VisualStudioVersion = 17.10.35013.160
MinimumVisualStudioVersion = 10.0.40219.1
Project("{FAE04EC0-301F-11D3-BF4B-00C04F79EFBC}") = "ConsoleApp1", "ConsoleApp1\ConsoleApp1.csproj", "{381FA38E-DA5C-4F4B-8E26-22A0A7371C60}"
EndProject
Global
	GlobalSection(SolutionConfigurationPlatforms) = preSolution
		Debug|Any CPU = Debug|Any CPU
		Release|Any CPU = Release|Any CPU
	EndGlobalSection
	GlobalSection(ProjectConfigurationPlatforms) = postSolution
		{381FA38E-DA5C-4F4B-8E26-22A0A7371C60}.Debug|Any CPU.ActiveCfg = Debug|Any CPU
		{381FA38E-DA5C-4F4B-8E26-22A0A7371C60}.Debug|Any CPU.Build.0 = Debug|Any CPU
		{381FA38E-DA5C-4F4B-8E26-22A0A7371C60}.Release|Any CPU.ActiveCfg = Release|Any CPU
		{381FA38E-DA5C-4F4B-8E26-22A0A7371C60}.Release|Any CPU.Build.0 = Release|Any CPU
	EndGlobalSection
	GlobalSection(SolutionProperties) = preSolution
		HideSolutionNode = FALSE
	EndGlobalSection
	GlobalSection(ExtensibilityGlobals) = postSolution
		SolutionGuid = {595245F2-DC28-49DE-943C-C61DBED06097}
	EndGlobalSection
EndGlobal
